
Microsoft Visual Studio Solution File, Format Version 12.00
# Visual Studio Version 17
VisualStudioVersion = 17.14.36203.30 d17.14
MinimumVisualStudioVersion = 10.0.40219.1
Project("{FAE04EC0-301F-11D3-BF4B-00C04F79EFBC}") = "Influencer Outreach AI", "Influencer Outreach AI.csproj", "{9C1D484E-E12A-4C7F-9582-4859C565A21E}"
EndProject
Global
	GlobalSection(SolutionConfigurationPlatforms) = preSolution
		Debug|Any CPU = Debug|Any CPU
		Release|Any CPU = Release|Any CPU
	EndGlobalSection
	GlobalSection(ProjectConfigurationPlatforms) = postSolution
		{9C1D484E-E12A-4C7F-9582-4859C565A21E}.Debug|Any CPU.ActiveCfg = Debug|Any CPU
		{9C1D484E-E12A-4C7F-9582-4859C565A21E}.Debug|Any CPU.Build.0 = Debug|Any CPU
		{9C1D484E-E12A-4C7F-9582-4859C565A21E}.Release|Any CPU.ActiveCfg = Release|Any CPU
		{9C1D484E-E12A-4C7F-9582-4859C565A21E}.Release|Any CPU.Build.0 = Release|Any CPU
	EndGlobalSection
	GlobalSection(SolutionProperties) = preSolution
		HideSolutionNode = FALSE
	EndGlobalSection
	GlobalSection(ExtensibilityGlobals) = postSolution
		SolutionGuid = {DB70402F-D014-4B29-9146-AF52E9430924}
	EndGlobalSection
EndGlobal
